
Microsoft Visual Studio Solution File, Format Version 12.00
# Visual Studio 15
VisualStudioVersion = 15.0.27428.2043
MinimumVisualStudioVersion = 10.0.40219.1
Project("{FAE04EC0-301F-11D3-BF4B-00C04F79EFBC}") = "isracardTest", "ng2Mvc5Demo\isracardTest.csproj", "{C7CCB49C-92DA-4B38-A6E9-112BF6F79A43}"
EndProject
Global
	GlobalSection(SolutionConfigurationPlatforms) = preSolution
		Debug|Any CPU = Debug|Any CPU
		Release|Any CPU = Release|Any CPU
	EndGlobalSection
	GlobalSection(ProjectConfigurationPlatforms) = postSolution
		{C7CCB49C-92DA-4B38-A6E9-112BF6F79A43}.Debug|Any CPU.ActiveCfg = Debug|Any CPU
		{C7CCB49C-92DA-4B38-A6E9-112BF6F79A43}.Debug|Any CPU.Build.0 = Debug|Any CPU
		{C7CCB49C-92DA-4B38-A6E9-112BF6F79A43}.Release|Any CPU.ActiveCfg = Release|Any CPU
		{C7CCB49C-92DA-4B38-A6E9-112BF6F79A43}.Release|Any CPU.Build.0 = Release|Any CPU
	EndGlobalSection
	GlobalSection(SolutionProperties) = preSolution
		HideSolutionNode = FALSE
	EndGlobalSection
	GlobalSection(ExtensibilityGlobals) = postSolution
		SolutionGuid = {52A1E168-C282-4370-93D7-93DC3A84E075}
	EndGlobalSection
EndGlobal
